
Microsoft Visual Studio Solution File, Format Version 12.00
# Visual Studio 15
VisualStudioVersion = 15.0.27703.2042
MinimumVisualStudioVersion = 10.0.40219.1
Project("{888888A0-9F3D-457C-B088-3A5042F75D52}") = "StockBot Mk.2", "StockBot Mk.2\StockBot Mk.2.pyproj", "{36F3FA38-B34E-4BA9-A408-B0072E204628}"
EndProject
Global
	GlobalSection(SolutionConfigurationPlatforms) = preSolution
		Debug|Any CPU = Debug|Any CPU
		Release|Any CPU = Release|Any CPU
	EndGlobalSection
	GlobalSection(ProjectConfigurationPlatforms) = postSolution
		{36F3FA38-B34E-4BA9-A408-B0072E204628}.Debug|Any CPU.ActiveCfg = Debug|Any CPU
		{36F3FA38-B34E-4BA9-A408-B0072E204628}.Release|Any CPU.ActiveCfg = Release|Any CPU
	EndGlobalSection
	GlobalSection(SolutionProperties) = preSolution
		HideSolutionNode = FALSE
	EndGlobalSection
	GlobalSection(ExtensibilityGlobals) = postSolution
		SolutionGuid = {4B2CAB15-8D41-49AA-9742-FA721BD1E6DF}
	EndGlobalSection
EndGlobal
